version = 1
requires-python = ">=3.10"

[[package]]
name = "pygame"
version = "2.6.0"
source = { registry = "https://pypi.org/simple" }
sdist = { url = "https://files.pythonhosted.org/packages/72/49/bd2fcbadb6a55bb24284bad4f530189401c99ffc234d51ba54756a776eb2/pygame-2.6.0.tar.gz", hash = "sha256:722d33ae676aa8533c1f955eded966411298831346b8d51a77dad22e46ba3e35", size = 15787643 }
wheels = [
    { url = "https://files.pythonhosted.org/packages/2f/1c/e515c10196aed75dbef75b41ff3069897c9405f568169694a3b3f8fc0f4c/pygame-2.6.0-cp310-cp310-macosx_10_9_x86_64.whl", hash = "sha256:e5707aa9d029752495b3eddc1edff62e0e390a02f699b0f1ce77fe0b8c70ea4f", size = 13108654 },
    { url = "https://files.pythonhosted.org/packages/cc/2f/270b3a9c5f1567d91255af15e9f9685d412461115fd96f393777be04b339/pygame-2.6.0-cp310-cp310-macosx_11_0_arm64.whl", hash = "sha256:d3ed0547368733b854c0d9981c982a3cdfabfa01b477d095c57bf47f2199da44", size = 12375930 },
    { url = "https://files.pythonhosted.org/packages/7c/c8/be72ca148131b3eef3851245e2f081abadf634feffe33edea3c9f619f1ef/pygame-2.6.0-cp310-cp310-manylinux_2_17_aarch64.manylinux2014_aarch64.whl", hash = "sha256:6050f3e95f1f16602153d616b52619c6a2041cee7040eb529f65689e9633fc3e", size = 13608180 },
    { url = "https://files.pythonhosted.org/packages/4b/aa/2e9c10266df048f186ad86ec543fc788e13f99f1b8ccf6d47658f26d0b79/pygame-2.6.0-cp310-cp310-manylinux_2_17_i686.manylinux2014_i686.whl", hash = "sha256:89be55b7e9e22e0eea08af9d6cfb97aed5da780f0b3a035803437d481a16d972", size = 14300992 },
    { url = "https://files.pythonhosted.org/packages/83/59/5b05cb1bff0c2341e01733b9c341eea8f1cc9cc893c8c429437bd90ee8bd/pygame-2.6.0-cp310-cp310-manylinux_2_17_x86_64.manylinux2014_x86_64.whl", hash = "sha256:7d65fb222eea1294cfc8206d9e5754d476a1673eb2783c03c4f70e0455320274", size = 13975567 },
    { url = "https://files.pythonhosted.org/packages/d0/0e/068482e06f9a3a5fce3291e55a0bf75e7087b80e9a464680f3226a2f7359/pygame-2.6.0-cp310-cp310-win32.whl", hash = "sha256:71eebb9803cb350298de188fb7cdd3ebf13299f78d59a71c7e81efc649aae348", size = 10379703 },
    { url = "https://files.pythonhosted.org/packages/07/ef/da1c0efe66d15c11138e4e2b616e2fb3d027c4cbf7cd325c0f961671ea88/pygame-2.6.0-cp310-cp310-win_amd64.whl", hash = "sha256:1551852a2cd5b4139a752888f6cbeeb4a96fc0fe6e6f3f8b9d9784eb8fceab13", size = 10746038 },
    { url = "https://files.pythonhosted.org/packages/f7/b2/fd8930d12d5a3b13b30ddfe165c1b7fad749c252d6a0b36e2ae4de935061/pygame-2.6.0-cp311-cp311-macosx_10_9_x86_64.whl", hash = "sha256:f6e5e6c010b1bf429388acf4d41d7ab2f7ad8fbf241d0db822102d35c9a2eb84", size = 13113344 },
    { url = "https://files.pythonhosted.org/packages/6b/37/6c03fadba5af47d7144bbe517488b0f5b0072ad01f093318db1e37a9f34f/pygame-2.6.0-cp311-cp311-macosx_11_0_arm64.whl", hash = "sha256:99902f4a2f6a338057200d99b5120a600c27a9f629ca012a9b0087c045508d08", size = 12378489 },
    { url = "https://files.pythonhosted.org/packages/46/38/76ff6e2aea68d1111885055557f67722f5747753e795fdd7089af0e385d1/pygame-2.6.0-cp311-cp311-manylinux_2_17_aarch64.manylinux2014_aarch64.whl", hash = "sha256:6a284664978a1989c1e31a0888b2f70cfbcbafdfa3bb310e750b0d3366416225", size = 13612062 },
    { url = "https://files.pythonhosted.org/packages/ef/32/ee17873eb1d024cd3c9a30d79830d8b887a9ac0de98f3ffa87d83ac86fd2/pygame-2.6.0-cp311-cp311-manylinux_2_17_i686.manylinux2014_i686.whl", hash = "sha256:829623cee298b3dbaa1dd9f52c3051ae82f04cad7708c8c67cb9a1a4b8fd3c0b", size = 14300532 },
    { url = "https://files.pythonhosted.org/packages/8e/4b/8034e481b7f40026943947d8e81e39d335cea9c649770d309c657b700311/pygame-2.6.0-cp311-cp311-manylinux_2_17_x86_64.manylinux2014_x86_64.whl", hash = "sha256:6acf7949ed764487d51123f4f3606e8f76b0df167fef12ef73ef423c35fdea39", size = 13980535 },
    { url = "https://files.pythonhosted.org/packages/07/37/0d83f1689745a187516961ba064654c774d3036582a852be5c9fca347ade/pygame-2.6.0-cp311-cp311-win32.whl", hash = "sha256:3f809560c99bd1fb4716610eca0cd36412528f03da1a63841a347b71d0c604ee", size = 10382186 },
    { url = "https://files.pythonhosted.org/packages/1b/e0/edce124be8f73249e6b862e13107adc1f7e3b275ed9468d018026b6fbf91/pygame-2.6.0-cp311-cp311-win_amd64.whl", hash = "sha256:6897ab87f9193510a774a3483e00debfe166f340ca159f544ef99807e2a44ec4", size = 10751841 },
    { url = "https://files.pythonhosted.org/packages/37/15/c6c2d48615927ed44b1f4f4b5a26a9e47522946b68438be7177c3471fc64/pygame-2.6.0-cp312-cp312-macosx_10_9_x86_64.whl", hash = "sha256:b834711ebc8b9d0c2a5f9bfae4403dd277b2c61bcb689e1aa630d01a1ebcf40a", size = 13117982 },
    { url = "https://files.pythonhosted.org/packages/86/bc/70cc481a735b24a02b13256c0de618c6908dcd3561df518abe6f3c0ad24e/pygame-2.6.0-cp312-cp312-macosx_11_0_arm64.whl", hash = "sha256:b5ac288655e8a31a303cc286e79cc57979ed2ba19c3a14042d4b6391c1d3bed2", size = 12383981 },
    { url = "https://files.pythonhosted.org/packages/bd/de/d18d0476dd35c6238cfe66516629ef634976fe0ac9525fa45282f774e219/pygame-2.6.0-cp312-cp312-manylinux_2_17_aarch64.manylinux2014_aarch64.whl", hash = "sha256:d666667b7826b0a7921b8ce0a282ba5281dfa106976c1a3b24e32a0af65ad3b1", size = 13587441 },
    { url = "https://files.pythonhosted.org/packages/e8/1f/d3d6dab1956a7a23cef23900a2cae2c738d4662f04cdc90d12235955a575/pygame-2.6.0-cp312-cp312-manylinux_2_17_i686.manylinux2014_i686.whl", hash = "sha256:fd8848a37a7cee37854c7efb8d451334477c9f8ce7ac339c079e724dc1334a76", size = 14280884 },
    { url = "https://files.pythonhosted.org/packages/70/da/5c71f05e2d76e0d28153a2d8a52f324908849bf02d70958e5b403ca3ab73/pygame-2.6.0-cp312-cp312-manylinux_2_17_x86_64.manylinux2014_x86_64.whl", hash = "sha256:315e7b3c1c573984f549ac5da9778ac4709b3b4e3a4061050d94eab63fa4fe31", size = 13956091 },
    { url = "https://files.pythonhosted.org/packages/2a/16/ec73fd2350df6620f3471c1a7df06bcd392d7ad99823cabe5b82d54b7df8/pygame-2.6.0-cp312-cp312-win32.whl", hash = "sha256:e44bde0840cc21a91c9d368846ac538d106cf0668be1a6030f48df139609d1e8", size = 10383625 },
    { url = "https://files.pythonhosted.org/packages/c2/a2/7a4e02e5833e7391ca4e4e08bdda0bdab6672d8ce3ddee433d50297135ec/pygame-2.6.0-cp312-cp312-win_amd64.whl", hash = "sha256:1c429824b1f881a7a5ce3b5c2014d3d182aa45a22cea33c8347a3971a5446907", size = 10754182 },
]

[[package]]
name = "space-shooter"
version = "0.1.0"
source = { editable = "." }
dependencies = [
    { name = "pygame" },
]

[package.metadata]
requires-dist = [{ name = "pygame", specifier = ">=2.6.0" }]
